
Microsoft Visual Studio Solution File, Format Version 12.00
# Visual Studio Version 17
VisualStudioVersion = 17.9.34723.18
MinimumVisualStudioVersion = 10.0.40219.1
Project("{FAE04EC0-301F-11D3-BF4B-00C04F79EFBC}") = "Chapter5Versioning", "Chapter5Versioning\Chapter5Versioning.csproj", "{2F81A2A3-2AF9-4C0E-B30C-1CBA7B623AB6}"
EndProject
Global
	GlobalSection(SolutionConfigurationPlatforms) = preSolution
		Debug|Any CPU = Debug|Any CPU
		Release|Any CPU = Release|Any CPU
	EndGlobalSection
	GlobalSection(ProjectConfigurationPlatforms) = postSolution
		{2F81A2A3-2AF9-4C0E-B30C-1CBA7B623AB6}.Debug|Any CPU.ActiveCfg = Debug|Any CPU
		{2F81A2A3-2AF9-4C0E-B30C-1CBA7B623AB6}.Debug|Any CPU.Build.0 = Debug|Any CPU
		{2F81A2A3-2AF9-4C0E-B30C-1CBA7B623AB6}.Release|Any CPU.ActiveCfg = Release|Any CPU
		{2F81A2A3-2AF9-4C0E-B30C-1CBA7B623AB6}.Release|Any CPU.Build.0 = Release|Any CPU
	EndGlobalSection
	GlobalSection(SolutionProperties) = preSolution
		HideSolutionNode = FALSE
	EndGlobalSection
	GlobalSection(ExtensibilityGlobals) = postSolution
		SolutionGuid = {0A04C02B-CF44-49CA-93C2-41A6D0F23218}
	EndGlobalSection
EndGlobal
